
Microsoft Visual Studio Solution File, Format Version 12.00
# Visual Studio Version 17
VisualStudioVersion = 17.10.35013.160
MinimumVisualStudioVersion = 10.0.40219.1
Project("{FAE04EC0-301F-11D3-BF4B-00C04F79EFBC}") = "ShorterAPI", "ShorterAPI.csproj", "{AE3C11D3-97CC-4AE5-A7AC-3EBB1997E78B}"
EndProject
Project("{FAE04EC0-301F-11D3-BF4B-00C04F79EFBC}") = "ShorterAPI.DTO", "..\ShorterAPI.DTO\ShorterAPI.DTO.csproj", "{E1DF6E26-85B3-45C9-B482-8EE799BAE633}"
EndProject
Project("{FAE04EC0-301F-11D3-BF4B-00C04F79EFBC}") = "ShorterAPI.Domain", "..\ShorterAPI.Domain\ShorterAPI.Domain.csproj", "{ECA09293-1A07-4A6B-B818-63D92D6C85F0}"
EndProject
Project("{FAE04EC0-301F-11D3-BF4B-00C04F79EFBC}") = "ShorterAPI.Infrastructure", "..\ShorterAPI.Infrastructure\ShorterAPI.Infrastructure.csproj", "{FE8A32A9-FF12-47DA-A7D8-226EA22F0F55}"
EndProject
Global
	GlobalSection(SolutionConfigurationPlatforms) = preSolution
		Debug|Any CPU = Debug|Any CPU
		Release|Any CPU = Release|Any CPU
	EndGlobalSection
	GlobalSection(ProjectConfigurationPlatforms) = postSolution
		{AE3C11D3-97CC-4AE5-A7AC-3EBB1997E78B}.Debug|Any CPU.ActiveCfg = Debug|Any CPU
		{AE3C11D3-97CC-4AE5-A7AC-3EBB1997E78B}.Debug|Any CPU.Build.0 = Debug|Any CPU
		{AE3C11D3-97CC-4AE5-A7AC-3EBB1997E78B}.Release|Any CPU.ActiveCfg = Release|Any CPU
		{AE3C11D3-97CC-4AE5-A7AC-3EBB1997E78B}.Release|Any CPU.Build.0 = Release|Any CPU
		{E1DF6E26-85B3-45C9-B482-8EE799BAE633}.Debug|Any CPU.ActiveCfg = Debug|Any CPU
		{E1DF6E26-85B3-45C9-B482-8EE799BAE633}.Debug|Any CPU.Build.0 = Debug|Any CPU
		{E1DF6E26-85B3-45C9-B482-8EE799BAE633}.Release|Any CPU.ActiveCfg = Release|Any CPU
		{E1DF6E26-85B3-45C9-B482-8EE799BAE633}.Release|Any CPU.Build.0 = Release|Any CPU
		{ECA09293-1A07-4A6B-B818-63D92D6C85F0}.Debug|Any CPU.ActiveCfg = Debug|Any CPU
		{ECA09293-1A07-4A6B-B818-63D92D6C85F0}.Debug|Any CPU.Build.0 = Debug|Any CPU
		{ECA09293-1A07-4A6B-B818-63D92D6C85F0}.Release|Any CPU.ActiveCfg = Release|Any CPU
		{ECA09293-1A07-4A6B-B818-63D92D6C85F0}.Release|Any CPU.Build.0 = Release|Any CPU
		{FE8A32A9-FF12-47DA-A7D8-226EA22F0F55}.Debug|Any CPU.ActiveCfg = Debug|Any CPU
		{FE8A32A9-FF12-47DA-A7D8-226EA22F0F55}.Debug|Any CPU.Build.0 = Debug|Any CPU
		{FE8A32A9-FF12-47DA-A7D8-226EA22F0F55}.Release|Any CPU.ActiveCfg = Release|Any CPU
		{FE8A32A9-FF12-47DA-A7D8-226EA22F0F55}.Release|Any CPU.Build.0 = Release|Any CPU
	EndGlobalSection
	GlobalSection(SolutionProperties) = preSolution
		HideSolutionNode = FALSE
	EndGlobalSection
	GlobalSection(ExtensibilityGlobals) = postSolution
		SolutionGuid = {D7200DD5-E8DE-4FA8-88E3-7D0CAC4831E4}
	EndGlobalSection
EndGlobal
